
Microsoft Visual Studio Solution File, Format Version 12.00
# Visual Studio Version 16
VisualStudioVersion = 16.0.28315.86
MinimumVisualStudioVersion = 10.0.40219.1
Project("{2150E333-8FDC-42A3-9474-1A3956D46DE8}") = "Engine", "Engine", "{061D5CCF-0469-4CED-8AC7-70CA9F41FD30}"
EndProject
Project("{2150E333-8FDC-42A3-9474-1A3956D46DE8}") = "Games", "Games", "{C01DF9DD-A8FB-4760-9DF1-A120F5DA133F}"
EndProject
Project("{8BC9CEB8-8B4A-11D0-8D11-00A0C91BC942}") = "UE4", "Intermediate\ProjectFiles\UE4.vcxproj", "{5570E64E-E478-41CF-98CD-EDE19672C3E9}"
EndProject
Project("{8BC9CEB8-8B4A-11D0-8D11-00A0C91BC942}") = "flockAIv1", "Intermediate\ProjectFiles\flockAIv1.vcxproj", "{15DAB697-E6E4-4EBE-BEEF-A86585FAC325}"
EndProject
Project("{2150E333-8FDC-42A3-9474-1A3956D46DE8}") = "Visualizers", "Visualizers", "{FD6FFB6C-D361-4617-AEEC-71624D15C865}"
	ProjectSection(SolutionItems) = preProject
		C:\Program Files\Epic Games\UE_4.23\Engine\Extras\VisualStudioDebugging\UE4.natvis = C:\Program Files\Epic Games\UE_4.23\Engine\Extras\VisualStudioDebugging\UE4.natvis
	EndProjectSection
EndProject
Global
	GlobalSection(SolutionConfigurationPlatforms) = preSolution
		DebugGame Editor|Android = DebugGame Editor|Android
		DebugGame Editor|HTML5 = DebugGame Editor|HTML5
		DebugGame Editor|Win32 = DebugGame Editor|Win32
		DebugGame Editor|Win64 = DebugGame Editor|Win64
		DebugGame|Android = DebugGame|Android
		DebugGame|HTML5 = DebugGame|HTML5
		DebugGame|Win32 = DebugGame|Win32
		DebugGame|Win64 = DebugGame|Win64
		Development Editor|Android = Development Editor|Android
		Development Editor|HTML5 = Development Editor|HTML5
		Development Editor|Win32 = Development Editor|Win32
		Development Editor|Win64 = Development Editor|Win64
		Development|Android = Development|Android
		Development|HTML5 = Development|HTML5
		Development|Win32 = Development|Win32
		Development|Win64 = Development|Win64
		Shipping|Android = Shipping|Android
		Shipping|HTML5 = Shipping|HTML5
		Shipping|Win32 = Shipping|Win32
		Shipping|Win64 = Shipping|Win64
	EndGlobalSection
	GlobalSection(ProjectConfigurationPlatforms) = postSolution
		{5570E64E-E478-41CF-98CD-EDE19672C3E9}.DebugGame Editor|Android.ActiveCfg = BuiltWithUnrealBuildTool|Win32
		{5570E64E-E478-41CF-98CD-EDE19672C3E9}.DebugGame Editor|HTML5.ActiveCfg = BuiltWithUnrealBuildTool|Win32
		{5570E64E-E478-41CF-98CD-EDE19672C3E9}.DebugGame Editor|Win32.ActiveCfg = BuiltWithUnrealBuildTool|Win32
		{5570E64E-E478-41CF-98CD-EDE19672C3E9}.DebugGame Editor|Win64.ActiveCfg = BuiltWithUnrealBuildTool|Win32
		{5570E64E-E478-41CF-98CD-EDE19672C3E9}.DebugGame|Android.ActiveCfg = BuiltWithUnrealBuildTool|Win32
		{5570E64E-E478-41CF-98CD-EDE19672C3E9}.DebugGame|HTML5.ActiveCfg = BuiltWithUnrealBuildTool|Win32
		{5570E64E-E478-41CF-98CD-EDE19672C3E9}.DebugGame|Win32.ActiveCfg = BuiltWithUnrealBuildTool|Win32
		{5570E64E-E478-41CF-98CD-EDE19672C3E9}.DebugGame|Win64.ActiveCfg = BuiltWithUnrealBuildTool|Win32
		{5570E64E-E478-41CF-98CD-EDE19672C3E9}.Development Editor|Android.ActiveCfg = BuiltWithUnrealBuildTool|Win32
		{5570E64E-E478-41CF-98CD-EDE19672C3E9}.Development Editor|HTML5.ActiveCfg = BuiltWithUnrealBuildTool|Win32
		{5570E64E-E478-41CF-98CD-EDE19672C3E9}.Development Editor|Win32.ActiveCfg = BuiltWithUnrealBuildTool|Win32
		{5570E64E-E478-41CF-98CD-EDE19672C3E9}.Development Editor|Win64.ActiveCfg = BuiltWithUnrealBuildTool|Win32
		{5570E64E-E478-41CF-98CD-EDE19672C3E9}.Development|Android.ActiveCfg = BuiltWithUnrealBuildTool|Win32
		{5570E64E-E478-41CF-98CD-EDE19672C3E9}.Development|HTML5.ActiveCfg = BuiltWithUnrealBuildTool|Win32
		{5570E64E-E478-41CF-98CD-EDE19672C3E9}.Development|Win32.ActiveCfg = BuiltWithUnrealBuildTool|Win32
		{5570E64E-E478-41CF-98CD-EDE19672C3E9}.Development|Win64.ActiveCfg = BuiltWithUnrealBuildTool|Win32
		{5570E64E-E478-41CF-98CD-EDE19672C3E9}.Shipping|Android.ActiveCfg = BuiltWithUnrealBuildTool|Win32
		{5570E64E-E478-41CF-98CD-EDE19672C3E9}.Shipping|HTML5.ActiveCfg = BuiltWithUnrealBuildTool|Win32
		{5570E64E-E478-41CF-98CD-EDE19672C3E9}.Shipping|Win32.ActiveCfg = BuiltWithUnrealBuildTool|Win32
		{5570E64E-E478-41CF-98CD-EDE19672C3E9}.Shipping|Win64.ActiveCfg = BuiltWithUnrealBuildTool|Win32
		{15DAB697-E6E4-4EBE-BEEF-A86585FAC325}.DebugGame Editor|Android.ActiveCfg = Invalid|Win32
		{15DAB697-E6E4-4EBE-BEEF-A86585FAC325}.DebugGame Editor|HTML5.ActiveCfg = Invalid|Win32
		{15DAB697-E6E4-4EBE-BEEF-A86585FAC325}.DebugGame Editor|Win32.ActiveCfg = Invalid|Win32
		{15DAB697-E6E4-4EBE-BEEF-A86585FAC325}.DebugGame Editor|Win64.ActiveCfg = DebugGame_Editor|x64
		{15DAB697-E6E4-4EBE-BEEF-A86585FAC325}.DebugGame Editor|Win64.Build.0 = DebugGame_Editor|x64
		{15DAB697-E6E4-4EBE-BEEF-A86585FAC325}.DebugGame|Android.ActiveCfg = Android_DebugGame|Win32
		{15DAB697-E6E4-4EBE-BEEF-A86585FAC325}.DebugGame|Android.Build.0 = Android_DebugGame|Win32
		{15DAB697-E6E4-4EBE-BEEF-A86585FAC325}.DebugGame|HTML5.ActiveCfg = HTML5_DebugGame|Win32
		{15DAB697-E6E4-4EBE-BEEF-A86585FAC325}.DebugGame|HTML5.Build.0 = HTML5_DebugGame|Win32
		{15DAB697-E6E4-4EBE-BEEF-A86585FAC325}.DebugGame|Win32.ActiveCfg = DebugGame|Win32
		{15DAB697-E6E4-4EBE-BEEF-A86585FAC325}.DebugGame|Win32.Build.0 = DebugGame|Win32
		{15DAB697-E6E4-4EBE-BEEF-A86585FAC325}.DebugGame|Win64.ActiveCfg = DebugGame|x64
		{15DAB697-E6E4-4EBE-BEEF-A86585FAC325}.DebugGame|Win64.Build.0 = DebugGame|x64
		{15DAB697-E6E4-4EBE-BEEF-A86585FAC325}.Development Editor|Android.ActiveCfg = Invalid|Win32
		{15DAB697-E6E4-4EBE-BEEF-A86585FAC325}.Development Editor|HTML5.ActiveCfg = Invalid|Win32
		{15DAB697-E6E4-4EBE-BEEF-A86585FAC325}.Development Editor|Win32.ActiveCfg = Invalid|Win32
		{15DAB697-E6E4-4EBE-BEEF-A86585FAC325}.Development Editor|Win64.ActiveCfg = Development_Editor|x64
		{15DAB697-E6E4-4EBE-BEEF-A86585FAC325}.Development Editor|Win64.Build.0 = Development_Editor|x64
		{15DAB697-E6E4-4EBE-BEEF-A86585FAC325}.Development|Android.ActiveCfg = Android_Development|Win32
		{15DAB697-E6E4-4EBE-BEEF-A86585FAC325}.Development|Android.Build.0 = Android_Development|Win32
		{15DAB697-E6E4-4EBE-BEEF-A86585FAC325}.Development|HTML5.ActiveCfg = HTML5_Development|Win32
		{15DAB697-E6E4-4EBE-BEEF-A86585FAC325}.Development|HTML5.Build.0 = HTML5_Development|Win32
		{15DAB697-E6E4-4EBE-BEEF-A86585FAC325}.Development|Win32.ActiveCfg = Development|Win32
		{15DAB697-E6E4-4EBE-BEEF-A86585FAC325}.Development|Win32.Build.0 = Development|Win32
		{15DAB697-E6E4-4EBE-BEEF-A86585FAC325}.Development|Win64.ActiveCfg = Development|x64
		{15DAB697-E6E4-4EBE-BEEF-A86585FAC325}.Development|Win64.Build.0 = Development|x64
		{15DAB697-E6E4-4EBE-BEEF-A86585FAC325}.Shipping|Android.ActiveCfg = Android_Shipping|Win32
		{15DAB697-E6E4-4EBE-BEEF-A86585FAC325}.Shipping|Android.Build.0 = Android_Shipping|Win32
		{15DAB697-E6E4-4EBE-BEEF-A86585FAC325}.Shipping|HTML5.ActiveCfg = HTML5_Shipping|Win32
		{15DAB697-E6E4-4EBE-BEEF-A86585FAC325}.Shipping|HTML5.Build.0 = HTML5_Shipping|Win32
		{15DAB697-E6E4-4EBE-BEEF-A86585FAC325}.Shipping|Win32.ActiveCfg = Shipping|Win32
		{15DAB697-E6E4-4EBE-BEEF-A86585FAC325}.Shipping|Win32.Build.0 = Shipping|Win32
		{15DAB697-E6E4-4EBE-BEEF-A86585FAC325}.Shipping|Win64.ActiveCfg = Shipping|x64
		{15DAB697-E6E4-4EBE-BEEF-A86585FAC325}.Shipping|Win64.Build.0 = Shipping|x64
	EndGlobalSection
	GlobalSection(SolutionProperties) = preSolution
		HideSolutionNode = FALSE
	EndGlobalSection
	GlobalSection(NestedProjects) = preSolution
		{5570E64E-E478-41CF-98CD-EDE19672C3E9} = {061D5CCF-0469-4CED-8AC7-70CA9F41FD30}
		{15DAB697-E6E4-4EBE-BEEF-A86585FAC325} = {C01DF9DD-A8FB-4760-9DF1-A120F5DA133F}
	EndGlobalSection
EndGlobal
